
Microsoft Visual Studio Solution File, Format Version 12.00
# Visual Studio Version 16
VisualStudioVersion = 16.0.31112.23
MinimumVisualStudioVersion = 10.0.40219.1
Project("{FAE04EC0-301F-11D3-BF4B-00C04F79EFBC}") = "MobileLab6.Android", "MobileLab6.Android\MobileLab6.Android.csproj", "{22E6A013-2033-47C2-BF1E-C87355C6FB55}"
EndProject
Project("{FAE04EC0-301F-11D3-BF4B-00C04F79EFBC}") = "MobileLab6", "MobileLab6\MobileLab6.csproj", "{708566FF-DD46-4B2B-9154-74E0D1627940}"
EndProject
Global
	GlobalSection(SolutionConfigurationPlatforms) = preSolution
		Debug|Any CPU = Debug|Any CPU
		Release|Any CPU = Release|Any CPU
	EndGlobalSection
	GlobalSection(ProjectConfigurationPlatforms) = postSolution
		{22E6A013-2033-47C2-BF1E-C87355C6FB55}.Debug|Any CPU.ActiveCfg = Debug|Any CPU
		{22E6A013-2033-47C2-BF1E-C87355C6FB55}.Debug|Any CPU.Build.0 = Debug|Any CPU
		{22E6A013-2033-47C2-BF1E-C87355C6FB55}.Debug|Any CPU.Deploy.0 = Debug|Any CPU
		{22E6A013-2033-47C2-BF1E-C87355C6FB55}.Release|Any CPU.ActiveCfg = Release|Any CPU
		{22E6A013-2033-47C2-BF1E-C87355C6FB55}.Release|Any CPU.Build.0 = Release|Any CPU
		{22E6A013-2033-47C2-BF1E-C87355C6FB55}.Release|Any CPU.Deploy.0 = Release|Any CPU
		{708566FF-DD46-4B2B-9154-74E0D1627940}.Debug|Any CPU.ActiveCfg = Debug|Any CPU
		{708566FF-DD46-4B2B-9154-74E0D1627940}.Debug|Any CPU.Build.0 = Debug|Any CPU
		{708566FF-DD46-4B2B-9154-74E0D1627940}.Debug|Any CPU.Deploy.0 = Debug|Any CPU
		{708566FF-DD46-4B2B-9154-74E0D1627940}.Release|Any CPU.ActiveCfg = Release|Any CPU
		{708566FF-DD46-4B2B-9154-74E0D1627940}.Release|Any CPU.Build.0 = Release|Any CPU
		{708566FF-DD46-4B2B-9154-74E0D1627940}.Release|Any CPU.Deploy.0 = Release|Any CPU
	EndGlobalSection
	GlobalSection(SolutionProperties) = preSolution
		HideSolutionNode = FALSE
	EndGlobalSection
	GlobalSection(ExtensibilityGlobals) = postSolution
		SolutionGuid = {6F8DCE7C-D56A-4D1E-A781-52ECC4D583F5}
	EndGlobalSection
EndGlobal
